
Microsoft Visual Studio Solution File, Format Version 12.00
# Visual Studio 14
VisualStudioVersion = 14.0.25420.1
MinimumVisualStudioVersion = 10.0.40219.1
Project("{FAE04EC0-301F-11D3-BF4B-00C04F79EFBC}") = "App1.Droid", "App1\App1.Droid\App1.Droid.csproj", "{A57DEF7A-972E-4BF6-86E5-DB4686744514}"
EndProject
Project("{FAE04EC0-301F-11D3-BF4B-00C04F79EFBC}") = "App1.iOS", "App1\App1.iOS\App1.iOS.csproj", "{19237538-38B6-47A5-9B2E-D8F36F653092}"
EndProject
Project("{FAE04EC0-301F-11D3-BF4B-00C04F79EFBC}") = "App1.WinPhone", "App1\App1.WinPhone\App1.WinPhone.csproj", "{94B36CCA-A702-4DEB-AE91-26365C7CBE5F}"
EndProject
Project("{FAE04EC0-301F-11D3-BF4B-00C04F79EFBC}") = "App1.UWP", "App1\App1.UWP\App1.UWP.csproj", "{147390FD-1D8B-4D07-9C4F-49E1AF637ADD}"
EndProject
Project("{FAE04EC0-301F-11D3-BF4B-00C04F79EFBC}") = "App1.Windows", "App1\App1.Windows\App1.Windows.csproj", "{D007E007-9F29-446E-98D9-690F74DE2ADA}"
EndProject
Project("{FAE04EC0-301F-11D3-BF4B-00C04F79EFBC}") = "App1", "App1\App1\App1.csproj", "{0154CFBB-934A-47B4-8A4A-73B0B33E2B2B}"
EndProject
Global
	GlobalSection(SolutionConfigurationPlatforms) = preSolution
		Ad-Hoc|Any CPU = Ad-Hoc|Any CPU
		Ad-Hoc|ARM = Ad-Hoc|ARM
		Ad-Hoc|iPhone = Ad-Hoc|iPhone
		Ad-Hoc|iPhoneSimulator = Ad-Hoc|iPhoneSimulator
		Ad-Hoc|x64 = Ad-Hoc|x64
		Ad-Hoc|x86 = Ad-Hoc|x86
		AppStore|Any CPU = AppStore|Any CPU
		AppStore|ARM = AppStore|ARM
		AppStore|iPhone = AppStore|iPhone
		AppStore|iPhoneSimulator = AppStore|iPhoneSimulator
		AppStore|x64 = AppStore|x64
		AppStore|x86 = AppStore|x86
		Debug|Any CPU = Debug|Any CPU
		Debug|ARM = Debug|ARM
		Debug|iPhone = Debug|iPhone
		Debug|iPhoneSimulator = Debug|iPhoneSimulator
		Debug|x64 = Debug|x64
		Debug|x86 = Debug|x86
		Release|Any CPU = Release|Any CPU
		Release|ARM = Release|ARM
		Release|iPhone = Release|iPhone
		Release|iPhoneSimulator = Release|iPhoneSimulator
		Release|x64 = Release|x64
		Release|x86 = Release|x86
	EndGlobalSection
	GlobalSection(ProjectConfigurationPlatforms) = postSolution
		{A57DEF7A-972E-4BF6-86E5-DB4686744514}.Ad-Hoc|Any CPU.ActiveCfg = Release|Any CPU
		{A57DEF7A-972E-4BF6-86E5-DB4686744514}.Ad-Hoc|Any CPU.Build.0 = Release|Any CPU
		{A57DEF7A-972E-4BF6-86E5-DB4686744514}.Ad-Hoc|Any CPU.Deploy.0 = Release|Any CPU
		{A57DEF7A-972E-4BF6-86E5-DB4686744514}.Ad-Hoc|ARM.ActiveCfg = Release|Any CPU
		{A57DEF7A-972E-4BF6-86E5-DB4686744514}.Ad-Hoc|ARM.Build.0 = Release|Any CPU
		{A57DEF7A-972E-4BF6-86E5-DB4686744514}.Ad-Hoc|ARM.Deploy.0 = Release|Any CPU
		{A57DEF7A-972E-4BF6-86E5-DB4686744514}.Ad-Hoc|iPhone.ActiveCfg = Release|Any CPU
		{A57DEF7A-972E-4BF6-86E5-DB4686744514}.Ad-Hoc|iPhone.Build.0 = Release|Any CPU
		{A57DEF7A-972E-4BF6-86E5-DB4686744514}.Ad-Hoc|iPhone.Deploy.0 = Release|Any CPU
		{A57DEF7A-972E-4BF6-86E5-DB4686744514}.Ad-Hoc|iPhoneSimulator.ActiveCfg = Release|Any CPU
		{A57DEF7A-972E-4BF6-86E5-DB4686744514}.Ad-Hoc|iPhoneSimulator.Build.0 = Release|Any CPU
		{A57DEF7A-972E-4BF6-86E5-DB4686744514}.Ad-Hoc|iPhoneSimulator.Deploy.0 = Release|Any CPU
		{A57DEF7A-972E-4BF6-86E5-DB4686744514}.Ad-Hoc|x64.ActiveCfg = Release|Any CPU
		{A57DEF7A-972E-4BF6-86E5-DB4686744514}.Ad-Hoc|x64.Build.0 = Release|Any CPU
		{A57DEF7A-972E-4BF6-86E5-DB4686744514}.Ad-Hoc|x64.Deploy.0 = Release|Any CPU
		{A57DEF7A-972E-4BF6-86E5-DB4686744514}.Ad-Hoc|x86.ActiveCfg = Release|Any CPU
		{A57DEF7A-972E-4BF6-86E5-DB4686744514}.Ad-Hoc|x86.Build.0 = Release|Any CPU
		{A57DEF7A-972E-4BF6-86E5-DB4686744514}.Ad-Hoc|x86.Deploy.0 = Release|Any CPU
		{A57DEF7A-972E-4BF6-86E5-DB4686744514}.AppStore|Any CPU.ActiveCfg = Release|Any CPU
		{A57DEF7A-972E-4BF6-86E5-DB4686744514}.AppStore|Any CPU.Build.0 = Release|Any CPU
		{A57DEF7A-972E-4BF6-86E5-DB4686744514}.AppStore|Any CPU.Deploy.0 = Release|Any CPU
		{A57DEF7A-972E-4BF6-86E5-DB4686744514}.AppStore|ARM.ActiveCfg = Release|Any CPU
		{A57DEF7A-972E-4BF6-86E5-DB4686744514}.AppStore|ARM.Build.0 = Release|Any CPU
		{A57DEF7A-972E-4BF6-86E5-DB4686744514}.AppStore|ARM.Deploy.0 = Release|Any CPU
		{A57DEF7A-972E-4BF6-86E5-DB4686744514}.AppStore|iPhone.ActiveCfg = Release|Any CPU
		{A57DEF7A-972E-4BF6-86E5-DB4686744514}.AppStore|iPhone.Build.0 = Release|Any CPU
		{A57DEF7A-972E-4BF6-86E5-DB4686744514}.AppStore|iPhone.Deploy.0 = Release|Any CPU
		{A57DEF7A-972E-4BF6-86E5-DB4686744514}.AppStore|iPhoneSimulator.ActiveCfg = Release|Any CPU
		{A57DEF7A-972E-4BF6-86E5-DB4686744514}.AppStore|iPhoneSimulator.Build.0 = Release|Any CPU
		{A57DEF7A-972E-4BF6-86E5-DB4686744514}.AppStore|iPhoneSimulator.Deploy.0 = Release|Any CPU
		{A57DEF7A-972E-4BF6-86E5-DB4686744514}.AppStore|x64.ActiveCfg = Release|Any CPU
		{A57DEF7A-972E-4BF6-86E5-DB4686744514}.AppStore|x64.Build.0 = Release|Any CPU
		{A57DEF7A-972E-4BF6-86E5-DB4686744514}.AppStore|x64.Deploy.0 = Release|Any CPU
		{A57DEF7A-972E-4BF6-86E5-DB4686744514}.AppStore|x86.ActiveCfg = Release|Any CPU
		{A57DEF7A-972E-4BF6-86E5-DB4686744514}.AppStore|x86.Build.0 = Release|Any CPU
		{A57DEF7A-972E-4BF6-86E5-DB4686744514}.AppStore|x86.Deploy.0 = Release|Any CPU
		{A57DEF7A-972E-4BF6-86E5-DB4686744514}.Debug|Any CPU.ActiveCfg = Debug|Any CPU
		{A57DEF7A-972E-4BF6-86E5-DB4686744514}.Debug|Any CPU.Build.0 = Debug|Any CPU
		{A57DEF7A-972E-4BF6-86E5-DB4686744514}.Debug|Any CPU.Deploy.0 = Debug|Any CPU
		{A57DEF7A-972E-4BF6-86E5-DB4686744514}.Debug|ARM.ActiveCfg = Debug|Any CPU
		{A57DEF7A-972E-4BF6-86E5-DB4686744514}.Debug|ARM.Build.0 = Debug|Any CPU
		{A57DEF7A-972E-4BF6-86E5-DB4686744514}.Debug|ARM.Deploy.0 = Debug|Any CPU
		{A57DEF7A-972E-4BF6-86E5-DB4686744514}.Debug|iPhone.ActiveCfg = Debug|Any CPU
		{A57DEF7A-972E-4BF6-86E5-DB4686744514}.Debug|iPhone.Build.0 = Debug|Any CPU
		{A57DEF7A-972E-4BF6-86E5-DB4686744514}.Debug|iPhone.Deploy.0 = Debug|Any CPU
		{A57DEF7A-972E-4BF6-86E5-DB4686744514}.Debug|iPhoneSimulator.ActiveCfg = Debug|Any CPU
		{A57DEF7A-972E-4BF6-86E5-DB4686744514}.Debug|iPhoneSimulator.Build.0 = Debug|Any CPU
		{A57DEF7A-972E-4BF6-86E5-DB4686744514}.Debug|iPhoneSimulator.Deploy.0 = Debug|Any CPU
		{A57DEF7A-972E-4BF6-86E5-DB4686744514}.Debug|x64.ActiveCfg = Debug|Any CPU
		{A57DEF7A-972E-4BF6-86E5-DB4686744514}.Debug|x64.Build.0 = Debug|Any CPU
		{A57DEF7A-972E-4BF6-86E5-DB4686744514}.Debug|x64.Deploy.0 = Debug|Any CPU
		{A57DEF7A-972E-4BF6-86E5-DB4686744514}.Debug|x86.ActiveCfg = Debug|Any CPU
		{A57DEF7A-972E-4BF6-86E5-DB4686744514}.Debug|x86.Build.0 = Debug|Any CPU
		{A57DEF7A-972E-4BF6-86E5-DB4686744514}.Debug|x86.Deploy.0 = Debug|Any CPU
		{A57DEF7A-972E-4BF6-86E5-DB4686744514}.Release|Any CPU.ActiveCfg = Release|Any CPU
		{A57DEF7A-972E-4BF6-86E5-DB4686744514}.Release|Any CPU.Build.0 = Release|Any CPU
		{A57DEF7A-972E-4BF6-86E5-DB4686744514}.Release|Any CPU.Deploy.0 = Release|Any CPU
		{A57DEF7A-972E-4BF6-86E5-DB4686744514}.Release|ARM.ActiveCfg = Release|Any CPU
		{A57DEF7A-972E-4BF6-86E5-DB4686744514}.Release|ARM.Build.0 = Release|Any CPU
		{A57DEF7A-972E-4BF6-86E5-DB4686744514}.Release|ARM.Deploy.0 = Release|Any CPU
		{A57DEF7A-972E-4BF6-86E5-DB4686744514}.Release|iPhone.ActiveCfg = Release|Any CPU
		{A57DEF7A-972E-4BF6-86E5-DB4686744514}.Release|iPhone.Build.0 = Release|Any CPU
		{A57DEF7A-972E-4BF6-86E5-DB4686744514}.Release|iPhone.Deploy.0 = Release|Any CPU
		{A57DEF7A-972E-4BF6-86E5-DB4686744514}.Release|iPhoneSimulator.ActiveCfg = Release|Any CPU
		{A57DEF7A-972E-4BF6-86E5-DB4686744514}.Release|iPhoneSimulator.Build.0 = Release|Any CPU
		{A57DEF7A-972E-4BF6-86E5-DB4686744514}.Release|iPhoneSimulator.Deploy.0 = Release|Any CPU
		{A57DEF7A-972E-4BF6-86E5-DB4686744514}.Release|x64.ActiveCfg = Release|Any CPU
		{A57DEF7A-972E-4BF6-86E5-DB4686744514}.Release|x64.Build.0 = Release|Any CPU
		{A57DEF7A-972E-4BF6-86E5-DB4686744514}.Release|x64.Deploy.0 = Release|Any CPU
		{A57DEF7A-972E-4BF6-86E5-DB4686744514}.Release|x86.ActiveCfg = Release|Any CPU
		{A57DEF7A-972E-4BF6-86E5-DB4686744514}.Release|x86.Build.0 = Release|Any CPU
		{A57DEF7A-972E-4BF6-86E5-DB4686744514}.Release|x86.Deploy.0 = Release|Any CPU
		{19237538-38B6-47A5-9B2E-D8F36F653092}.Ad-Hoc|Any CPU.ActiveCfg = Ad-Hoc|iPhone
		{19237538-38B6-47A5-9B2E-D8F36F653092}.Ad-Hoc|ARM.ActiveCfg = Ad-Hoc|iPhone
		{19237538-38B6-47A5-9B2E-D8F36F653092}.Ad-Hoc|iPhone.ActiveCfg = Ad-Hoc|iPhone
		{19237538-38B6-47A5-9B2E-D8F36F653092}.Ad-Hoc|iPhone.Build.0 = Ad-Hoc|iPhone
		{19237538-38B6-47A5-9B2E-D8F36F653092}.Ad-Hoc|iPhoneSimulator.ActiveCfg = Ad-Hoc|iPhoneSimulator
		{19237538-38B6-47A5-9B2E-D8F36F653092}.Ad-Hoc|iPhoneSimulator.Build.0 = Ad-Hoc|iPhoneSimulator
		{19237538-38B6-47A5-9B2E-D8F36F653092}.Ad-Hoc|x64.ActiveCfg = Ad-Hoc|iPhone
		{19237538-38B6-47A5-9B2E-D8F36F653092}.Ad-Hoc|x86.ActiveCfg = Ad-Hoc|iPhone
		{19237538-38B6-47A5-9B2E-D8F36F653092}.AppStore|Any CPU.ActiveCfg = AppStore|iPhone
		{19237538-38B6-47A5-9B2E-D8F36F653092}.AppStore|ARM.ActiveCfg = AppStore|iPhone
		{19237538-38B6-47A5-9B2E-D8F36F653092}.AppStore|iPhone.ActiveCfg = AppStore|iPhone
		{19237538-38B6-47A5-9B2E-D8F36F653092}.AppStore|iPhone.Build.0 = AppStore|iPhone
		{19237538-38B6-47A5-9B2E-D8F36F653092}.AppStore|iPhoneSimulator.ActiveCfg = AppStore|iPhoneSimulator
		{19237538-38B6-47A5-9B2E-D8F36F653092}.AppStore|iPhoneSimulator.Build.0 = AppStore|iPhoneSimulator
		{19237538-38B6-47A5-9B2E-D8F36F653092}.AppStore|x64.ActiveCfg = AppStore|iPhone
		{19237538-38B6-47A5-9B2E-D8F36F653092}.AppStore|x86.ActiveCfg = AppStore|iPhone
		{19237538-38B6-47A5-9B2E-D8F36F653092}.Debug|Any CPU.ActiveCfg = Debug|iPhone
		{19237538-38B6-47A5-9B2E-D8F36F653092}.Debug|ARM.ActiveCfg = Debug|iPhone
		{19237538-38B6-47A5-9B2E-D8F36F653092}.Debug|iPhone.ActiveCfg = Debug|iPhone
		{19237538-38B6-47A5-9B2E-D8F36F653092}.Debug|iPhone.Build.0 = Debug|iPhone
		{19237538-38B6-47A5-9B2E-D8F36F653092}.Debug|iPhoneSimulator.ActiveCfg = Debug|iPhoneSimulator
		{19237538-38B6-47A5-9B2E-D8F36F653092}.Debug|iPhoneSimulator.Build.0 = Debug|iPhoneSimulator
		{19237538-38B6-47A5-9B2E-D8F36F653092}.Debug|x64.ActiveCfg = Debug|iPhone
		{19237538-38B6-47A5-9B2E-D8F36F653092}.Debug|x86.ActiveCfg = Debug|iPhone
		{19237538-38B6-47A5-9B2E-D8F36F653092}.Release|Any CPU.ActiveCfg = Release|iPhone
		{19237538-38B6-47A5-9B2E-D8F36F653092}.Release|ARM.ActiveCfg = Release|iPhone
		{19237538-38B6-47A5-9B2E-D8F36F653092}.Release|iPhone.ActiveCfg = Release|iPhone
		{19237538-38B6-47A5-9B2E-D8F36F653092}.Release|iPhone.Build.0 = Release|iPhone
		{19237538-38B6-47A5-9B2E-D8F36F653092}.Release|iPhoneSimulator.ActiveCfg = Release|iPhoneSimulator
		{19237538-38B6-47A5-9B2E-D8F36F653092}.Release|iPhoneSimulator.Build.0 = Release|iPhoneSimulator
		{19237538-38B6-47A5-9B2E-D8F36F653092}.Release|x64.ActiveCfg = Release|iPhone
		{19237538-38B6-47A5-9B2E-D8F36F653092}.Release|x86.ActiveCfg = Release|iPhone
		{94B36CCA-A702-4DEB-AE91-26365C7CBE5F}.Ad-Hoc|Any CPU.ActiveCfg = Release|Any CPU
		{94B36CCA-A702-4DEB-AE91-26365C7CBE5F}.Ad-Hoc|Any CPU.Build.0 = Release|Any CPU
		{94B36CCA-A702-4DEB-AE91-26365C7CBE5F}.Ad-Hoc|Any CPU.Deploy.0 = Release|Any CPU
		{94B36CCA-A702-4DEB-AE91-26365C7CBE5F}.Ad-Hoc|ARM.ActiveCfg = Release|ARM
		{94B36CCA-A702-4DEB-AE91-26365C7CBE5F}.Ad-Hoc|ARM.Build.0 = Release|ARM
		{94B36CCA-A702-4DEB-AE91-26365C7CBE5F}.Ad-Hoc|ARM.Deploy.0 = Release|ARM
		{94B36CCA-A702-4DEB-AE91-26365C7CBE5F}.Ad-Hoc|iPhone.ActiveCfg = Release|Any CPU
		{94B36CCA-A702-4DEB-AE91-26365C7CBE5F}.Ad-Hoc|iPhone.Build.0 = Release|Any CPU
		{94B36CCA-A702-4DEB-AE91-26365C7CBE5F}.Ad-Hoc|iPhone.Deploy.0 = Release|Any CPU
		{94B36CCA-A702-4DEB-AE91-26365C7CBE5F}.Ad-Hoc|iPhoneSimulator.ActiveCfg = Release|Any CPU
		{94B36CCA-A702-4DEB-AE91-26365C7CBE5F}.Ad-Hoc|iPhoneSimulator.Build.0 = Release|Any CPU
		{94B36CCA-A702-4DEB-AE91-26365C7CBE5F}.Ad-Hoc|iPhoneSimulator.Deploy.0 = Release|Any CPU
		{94B36CCA-A702-4DEB-AE91-26365C7CBE5F}.Ad-Hoc|x64.ActiveCfg = Release|Any CPU
		{94B36CCA-A702-4DEB-AE91-26365C7CBE5F}.Ad-Hoc|x64.Build.0 = Release|Any CPU
		{94B36CCA-A702-4DEB-AE91-26365C7CBE5F}.Ad-Hoc|x64.Deploy.0 = Release|Any CPU
		{94B36CCA-A702-4DEB-AE91-26365C7CBE5F}.Ad-Hoc|x86.ActiveCfg = Release|x86
		{94B36CCA-A702-4DEB-AE91-26365C7CBE5F}.Ad-Hoc|x86.Build.0 = Release|x86
		{94B36CCA-A702-4DEB-AE91-26365C7CBE5F}.Ad-Hoc|x86.Deploy.0 = Release|x86
		{94B36CCA-A702-4DEB-AE91-26365C7CBE5F}.AppStore|Any CPU.ActiveCfg = Release|Any CPU
		{94B36CCA-A702-4DEB-AE91-26365C7CBE5F}.AppStore|Any CPU.Build.0 = Release|Any CPU
		{94B36CCA-A702-4DEB-AE91-26365C7CBE5F}.AppStore|Any CPU.Deploy.0 = Release|Any CPU
		{94B36CCA-A702-4DEB-AE91-26365C7CBE5F}.AppStore|ARM.ActiveCfg = Release|ARM
		{94B36CCA-A702-4DEB-AE91-26365C7CBE5F}.AppStore|ARM.Build.0 = Release|ARM
		{94B36CCA-A702-4DEB-AE91-26365C7CBE5F}.AppStore|ARM.Deploy.0 = Release|ARM
		{94B36CCA-A702-4DEB-AE91-26365C7CBE5F}.AppStore|iPhone.ActiveCfg = Release|Any CPU
		{94B36CCA-A702-4DEB-AE91-26365C7CBE5F}.AppStore|iPhone.Build.0 = Release|Any CPU
		{94B36CCA-A702-4DEB-AE91-26365C7CBE5F}.AppStore|iPhone.Deploy.0 = Release|Any CPU
		{94B36CCA-A702-4DEB-AE91-26365C7CBE5F}.AppStore|iPhoneSimulator.ActiveCfg = Release|Any CPU
		{94B36CCA-A702-4DEB-AE91-26365C7CBE5F}.AppStore|iPhoneSimulator.Build.0 = Release|Any CPU
		{94B36CCA-A702-4DEB-AE91-26365C7CBE5F}.AppStore|iPhoneSimulator.Deploy.0 = Release|Any CPU
		{94B36CCA-A702-4DEB-AE91-26365C7CBE5F}.AppStore|x64.ActiveCfg = Release|Any CPU
		{94B36CCA-A702-4DEB-AE91-26365C7CBE5F}.AppStore|x64.Build.0 = Release|Any CPU
		{94B36CCA-A702-4DEB-AE91-26365C7CBE5F}.AppStore|x64.Deploy.0 = Release|Any CPU
		{94B36CCA-A702-4DEB-AE91-26365C7CBE5F}.AppStore|x86.ActiveCfg = Release|x86
		{94B36CCA-A702-4DEB-AE91-26365C7CBE5F}.AppStore|x86.Build.0 = Release|x86
		{94B36CCA-A702-4DEB-AE91-26365C7CBE5F}.AppStore|x86.Deploy.0 = Release|x86
		{94B36CCA-A702-4DEB-AE91-26365C7CBE5F}.Debug|Any CPU.ActiveCfg = Debug|Any CPU
		{94B36CCA-A702-4DEB-AE91-26365C7CBE5F}.Debug|Any CPU.Build.0 = Debug|Any CPU
		{94B36CCA-A702-4DEB-AE91-26365C7CBE5F}.Debug|Any CPU.Deploy.0 = Debug|Any CPU
		{94B36CCA-A702-4DEB-AE91-26365C7CBE5F}.Debug|ARM.ActiveCfg = Debug|ARM
		{94B36CCA-A702-4DEB-AE91-26365C7CBE5F}.Debug|ARM.Build.0 = Debug|ARM
		{94B36CCA-A702-4DEB-AE91-26365C7CBE5F}.Debug|ARM.Deploy.0 = Debug|ARM
		{94B36CCA-A702-4DEB-AE91-26365C7CBE5F}.Debug|iPhone.ActiveCfg = Debug|Any CPU
		{94B36CCA-A702-4DEB-AE91-26365C7CBE5F}.Debug|iPhone.Build.0 = Debug|Any CPU
		{94B36CCA-A702-4DEB-AE91-26365C7CBE5F}.Debug|iPhone.Deploy.0 = Debug|Any CPU
		{94B36CCA-A702-4DEB-AE91-26365C7CBE5F}.Debug|iPhoneSimulator.ActiveCfg = Debug|Any CPU
		{94B36CCA-A702-4DEB-AE91-26365C7CBE5F}.Debug|iPhoneSimulator.Build.0 = Debug|Any CPU
		{94B36CCA-A702-4DEB-AE91-26365C7CBE5F}.Debug|iPhoneSimulator.Deploy.0 = Debug|Any CPU
		{94B36CCA-A702-4DEB-AE91-26365C7CBE5F}.Debug|x64.ActiveCfg = Debug|Any CPU
		{94B36CCA-A702-4DEB-AE91-26365C7CBE5F}.Debug|x64.Build.0 = Debug|Any CPU
		{94B36CCA-A702-4DEB-AE91-26365C7CBE5F}.Debug|x64.Deploy.0 = Debug|Any CPU
		{94B36CCA-A702-4DEB-AE91-26365C7CBE5F}.Debug|x86.ActiveCfg = Debug|x86
		{94B36CCA-A702-4DEB-AE91-26365C7CBE5F}.Debug|x86.Build.0 = Debug|x86
		{94B36CCA-A702-4DEB-AE91-26365C7CBE5F}.Debug|x86.Deploy.0 = Debug|x86
		{94B36CCA-A702-4DEB-AE91-26365C7CBE5F}.Release|Any CPU.ActiveCfg = Release|Any CPU
		{94B36CCA-A702-4DEB-AE91-26365C7CBE5F}.Release|Any CPU.Build.0 = Release|Any CPU
		{94B36CCA-A702-4DEB-AE91-26365C7CBE5F}.Release|Any CPU.Deploy.0 = Release|Any CPU
		{94B36CCA-A702-4DEB-AE91-26365C7CBE5F}.Release|ARM.ActiveCfg = Release|ARM
		{94B36CCA-A702-4DEB-AE91-26365C7CBE5F}.Release|ARM.Build.0 = Release|ARM
		{94B36CCA-A702-4DEB-AE91-26365C7CBE5F}.Release|ARM.Deploy.0 = Release|ARM
		{94B36CCA-A702-4DEB-AE91-26365C7CBE5F}.Release|iPhone.ActiveCfg = Release|Any CPU
		{94B36CCA-A702-4DEB-AE91-26365C7CBE5F}.Release|iPhone.Build.0 = Release|Any CPU
		{94B36CCA-A702-4DEB-AE91-26365C7CBE5F}.Release|iPhone.Deploy.0 = Release|Any CPU
		{94B36CCA-A702-4DEB-AE91-26365C7CBE5F}.Release|iPhoneSimulator.ActiveCfg = Release|Any CPU
		{94B36CCA-A702-4DEB-AE91-26365C7CBE5F}.Release|iPhoneSimulator.Build.0 = Release|Any CPU
		{94B36CCA-A702-4DEB-AE91-26365C7CBE5F}.Release|iPhoneSimulator.Deploy.0 = Release|Any CPU
		{94B36CCA-A702-4DEB-AE91-26365C7CBE5F}.Release|x64.ActiveCfg = Release|Any CPU
		{94B36CCA-A702-4DEB-AE91-26365C7CBE5F}.Release|x64.Build.0 = Release|Any CPU
		{94B36CCA-A702-4DEB-AE91-26365C7CBE5F}.Release|x64.Deploy.0 = Release|Any CPU
		{94B36CCA-A702-4DEB-AE91-26365C7CBE5F}.Release|x86.ActiveCfg = Release|x86
		{94B36CCA-A702-4DEB-AE91-26365C7CBE5F}.Release|x86.Build.0 = Release|x86
		{94B36CCA-A702-4DEB-AE91-26365C7CBE5F}.Release|x86.Deploy.0 = Release|x86
		{147390FD-1D8B-4D07-9C4F-49E1AF637ADD}.Ad-Hoc|Any CPU.ActiveCfg = Release|x86
		{147390FD-1D8B-4D07-9C4F-49E1AF637ADD}.Ad-Hoc|Any CPU.Build.0 = Release|x86
		{147390FD-1D8B-4D07-9C4F-49E1AF637ADD}.Ad-Hoc|Any CPU.Deploy.0 = Release|x86
		{147390FD-1D8B-4D07-9C4F-49E1AF637ADD}.Ad-Hoc|ARM.ActiveCfg = Release|ARM
		{147390FD-1D8B-4D07-9C4F-49E1AF637ADD}.Ad-Hoc|ARM.Build.0 = Release|ARM
		{147390FD-1D8B-4D07-9C4F-49E1AF637ADD}.Ad-Hoc|ARM.Deploy.0 = Release|ARM
		{147390FD-1D8B-4D07-9C4F-49E1AF637ADD}.Ad-Hoc|iPhone.ActiveCfg = Release|x86
		{147390FD-1D8B-4D07-9C4F-49E1AF637ADD}.Ad-Hoc|iPhone.Build.0 = Release|x86
		{147390FD-1D8B-4D07-9C4F-49E1AF637ADD}.Ad-Hoc|iPhone.Deploy.0 = Release|x86
		{147390FD-1D8B-4D07-9C4F-49E1AF637ADD}.Ad-Hoc|iPhoneSimulator.ActiveCfg = Release|x86
		{147390FD-1D8B-4D07-9C4F-49E1AF637ADD}.Ad-Hoc|iPhoneSimulator.Build.0 = Release|x86
		{147390FD-1D8B-4D07-9C4F-49E1AF637ADD}.Ad-Hoc|iPhoneSimulator.Deploy.0 = Release|x86
		{147390FD-1D8B-4D07-9C4F-49E1AF637ADD}.Ad-Hoc|x64.ActiveCfg = Release|x64
		{147390FD-1D8B-4D07-9C4F-49E1AF637ADD}.Ad-Hoc|x64.Build.0 = Release|x64
		{147390FD-1D8B-4D07-9C4F-49E1AF637ADD}.Ad-Hoc|x64.Deploy.0 = Release|x64
		{147390FD-1D8B-4D07-9C4F-49E1AF637ADD}.Ad-Hoc|x86.ActiveCfg = Release|x86
		{147390FD-1D8B-4D07-9C4F-49E1AF637ADD}.Ad-Hoc|x86.Build.0 = Release|x86
		{147390FD-1D8B-4D07-9C4F-49E1AF637ADD}.Ad-Hoc|x86.Deploy.0 = Release|x86
		{147390FD-1D8B-4D07-9C4F-49E1AF637ADD}.AppStore|Any CPU.ActiveCfg = Release|x86
		{147390FD-1D8B-4D07-9C4F-49E1AF637ADD}.AppStore|Any CPU.Build.0 = Release|x86
		{147390FD-1D8B-4D07-9C4F-49E1AF637ADD}.AppStore|Any CPU.Deploy.0 = Release|x86
		{147390FD-1D8B-4D07-9C4F-49E1AF637ADD}.AppStore|ARM.ActiveCfg = Release|ARM
		{147390FD-1D8B-4D07-9C4F-49E1AF637ADD}.AppStore|ARM.Build.0 = Release|ARM
		{147390FD-1D8B-4D07-9C4F-49E1AF637ADD}.AppStore|ARM.Deploy.0 = Release|ARM
		{147390FD-1D8B-4D07-9C4F-49E1AF637ADD}.AppStore|iPhone.ActiveCfg = Release|x86
		{147390FD-1D8B-4D07-9C4F-49E1AF637ADD}.AppStore|iPhone.Build.0 = Release|x86
		{147390FD-1D8B-4D07-9C4F-49E1AF637ADD}.AppStore|iPhone.Deploy.0 = Release|x86
		{147390FD-1D8B-4D07-9C4F-49E1AF637ADD}.AppStore|iPhoneSimulator.ActiveCfg = Release|x86
		{147390FD-1D8B-4D07-9C4F-49E1AF637ADD}.AppStore|iPhoneSimulator.Build.0 = Release|x86
		{147390FD-1D8B-4D07-9C4F-49E1AF637ADD}.AppStore|iPhoneSimulator.Deploy.0 = Release|x86
		{147390FD-1D8B-4D07-9C4F-49E1AF637ADD}.AppStore|x64.ActiveCfg = Release|x64
		{147390FD-1D8B-4D07-9C4F-49E1AF637ADD}.AppStore|x64.Build.0 = Release|x64
		{147390FD-1D8B-4D07-9C4F-49E1AF637ADD}.AppStore|x64.Deploy.0 = Release|x64
		{147390FD-1D8B-4D07-9C4F-49E1AF637ADD}.AppStore|x86.ActiveCfg = Release|x86
		{147390FD-1D8B-4D07-9C4F-49E1AF637ADD}.AppStore|x86.Build.0 = Release|x86
		{147390FD-1D8B-4D07-9C4F-49E1AF637ADD}.AppStore|x86.Deploy.0 = Release|x86
		{147390FD-1D8B-4D07-9C4F-49E1AF637ADD}.Debug|Any CPU.ActiveCfg = Debug|x86
		{147390FD-1D8B-4D07-9C4F-49E1AF637ADD}.Debug|ARM.ActiveCfg = Debug|ARM
		{147390FD-1D8B-4D07-9C4F-49E1AF637ADD}.Debug|ARM.Build.0 = Debug|ARM
		{147390FD-1D8B-4D07-9C4F-49E1AF637ADD}.Debug|ARM.Deploy.0 = Debug|ARM
		{147390FD-1D8B-4D07-9C4F-49E1AF637ADD}.Debug|iPhone.ActiveCfg = Debug|x86
		{147390FD-1D8B-4D07-9C4F-49E1AF637ADD}.Debug|iPhoneSimulator.ActiveCfg = Debug|x86
		{147390FD-1D8B-4D07-9C4F-49E1AF637ADD}.Debug|x64.ActiveCfg = Debug|x64
		{147390FD-1D8B-4D07-9C4F-49E1AF637ADD}.Debug|x64.Build.0 = Debug|x64
		{147390FD-1D8B-4D07-9C4F-49E1AF637ADD}.Debug|x64.Deploy.0 = Debug|x64
		{147390FD-1D8B-4D07-9C4F-49E1AF637ADD}.Debug|x86.ActiveCfg = Debug|x86
		{147390FD-1D8B-4D07-9C4F-49E1AF637ADD}.Debug|x86.Build.0 = Debug|x86
		{147390FD-1D8B-4D07-9C4F-49E1AF637ADD}.Debug|x86.Deploy.0 = Debug|x86
		{147390FD-1D8B-4D07-9C4F-49E1AF637ADD}.Release|Any CPU.ActiveCfg = Release|x86
		{147390FD-1D8B-4D07-9C4F-49E1AF637ADD}.Release|ARM.ActiveCfg = Release|ARM
		{147390FD-1D8B-4D07-9C4F-49E1AF637ADD}.Release|ARM.Build.0 = Release|ARM
		{147390FD-1D8B-4D07-9C4F-49E1AF637ADD}.Release|ARM.Deploy.0 = Release|ARM
		{147390FD-1D8B-4D07-9C4F-49E1AF637ADD}.Release|iPhone.ActiveCfg = Release|x86
		{147390FD-1D8B-4D07-9C4F-49E1AF637ADD}.Release|iPhoneSimulator.ActiveCfg = Release|x86
		{147390FD-1D8B-4D07-9C4F-49E1AF637ADD}.Release|x64.ActiveCfg = Release|x64
		{147390FD-1D8B-4D07-9C4F-49E1AF637ADD}.Release|x64.Build.0 = Release|x64
		{147390FD-1D8B-4D07-9C4F-49E1AF637ADD}.Release|x64.Deploy.0 = Release|x64
		{147390FD-1D8B-4D07-9C4F-49E1AF637ADD}.Release|x86.ActiveCfg = Release|x86
		{147390FD-1D8B-4D07-9C4F-49E1AF637ADD}.Release|x86.Build.0 = Release|x86
		{147390FD-1D8B-4D07-9C4F-49E1AF637ADD}.Release|x86.Deploy.0 = Release|x86
		{D007E007-9F29-446E-98D9-690F74DE2ADA}.Ad-Hoc|Any CPU.ActiveCfg = Release|Any CPU
		{D007E007-9F29-446E-98D9-690F74DE2ADA}.Ad-Hoc|Any CPU.Build.0 = Release|Any CPU
		{D007E007-9F29-446E-98D9-690F74DE2ADA}.Ad-Hoc|Any CPU.Deploy.0 = Release|Any CPU
		{D007E007-9F29-446E-98D9-690F74DE2ADA}.Ad-Hoc|ARM.ActiveCfg = Release|ARM
		{D007E007-9F29-446E-98D9-690F74DE2ADA}.Ad-Hoc|ARM.Build.0 = Release|ARM
		{D007E007-9F29-446E-98D9-690F74DE2ADA}.Ad-Hoc|ARM.Deploy.0 = Release|ARM
		{D007E007-9F29-446E-98D9-690F74DE2ADA}.Ad-Hoc|iPhone.ActiveCfg = Release|Any CPU
		{D007E007-9F29-446E-98D9-690F74DE2ADA}.Ad-Hoc|iPhone.Build.0 = Release|Any CPU
		{D007E007-9F29-446E-98D9-690F74DE2ADA}.Ad-Hoc|iPhone.Deploy.0 = Release|Any CPU
		{D007E007-9F29-446E-98D9-690F74DE2ADA}.Ad-Hoc|iPhoneSimulator.ActiveCfg = Release|Any CPU
		{D007E007-9F29-446E-98D9-690F74DE2ADA}.Ad-Hoc|iPhoneSimulator.Build.0 = Release|Any CPU
		{D007E007-9F29-446E-98D9-690F74DE2ADA}.Ad-Hoc|iPhoneSimulator.Deploy.0 = Release|Any CPU
		{D007E007-9F29-446E-98D9-690F74DE2ADA}.Ad-Hoc|x64.ActiveCfg = Release|x64
		{D007E007-9F29-446E-98D9-690F74DE2ADA}.Ad-Hoc|x64.Build.0 = Release|x64
		{D007E007-9F29-446E-98D9-690F74DE2ADA}.Ad-Hoc|x64.Deploy.0 = Release|x64
		{D007E007-9F29-446E-98D9-690F74DE2ADA}.Ad-Hoc|x86.ActiveCfg = Release|x86
		{D007E007-9F29-446E-98D9-690F74DE2ADA}.Ad-Hoc|x86.Build.0 = Release|x86
		{D007E007-9F29-446E-98D9-690F74DE2ADA}.Ad-Hoc|x86.Deploy.0 = Release|x86
		{D007E007-9F29-446E-98D9-690F74DE2ADA}.AppStore|Any CPU.ActiveCfg = Release|Any CPU
		{D007E007-9F29-446E-98D9-690F74DE2ADA}.AppStore|Any CPU.Build.0 = Release|Any CPU
		{D007E007-9F29-446E-98D9-690F74DE2ADA}.AppStore|Any CPU.Deploy.0 = Release|Any CPU
		{D007E007-9F29-446E-98D9-690F74DE2ADA}.AppStore|ARM.ActiveCfg = Release|ARM
		{D007E007-9F29-446E-98D9-690F74DE2ADA}.AppStore|ARM.Build.0 = Release|ARM
		{D007E007-9F29-446E-98D9-690F74DE2ADA}.AppStore|ARM.Deploy.0 = Release|ARM
		{D007E007-9F29-446E-98D9-690F74DE2ADA}.AppStore|iPhone.ActiveCfg = Release|Any CPU
		{D007E007-9F29-446E-98D9-690F74DE2ADA}.AppStore|iPhone.Build.0 = Release|Any CPU
		{D007E007-9F29-446E-98D9-690F74DE2ADA}.AppStore|iPhone.Deploy.0 = Release|Any CPU
		{D007E007-9F29-446E-98D9-690F74DE2ADA}.AppStore|iPhoneSimulator.ActiveCfg = Release|Any CPU
		{D007E007-9F29-446E-98D9-690F74DE2ADA}.AppStore|iPhoneSimulator.Build.0 = Release|Any CPU
		{D007E007-9F29-446E-98D9-690F74DE2ADA}.AppStore|iPhoneSimulator.Deploy.0 = Release|Any CPU
		{D007E007-9F29-446E-98D9-690F74DE2ADA}.AppStore|x64.ActiveCfg = Release|x64
		{D007E007-9F29-446E-98D9-690F74DE2ADA}.AppStore|x64.Build.0 = Release|x64
		{D007E007-9F29-446E-98D9-690F74DE2ADA}.AppStore|x64.Deploy.0 = Release|x64
		{D007E007-9F29-446E-98D9-690F74DE2ADA}.AppStore|x86.ActiveCfg = Release|x86
		{D007E007-9F29-446E-98D9-690F74DE2ADA}.AppStore|x86.Build.0 = Release|x86
		{D007E007-9F29-446E-98D9-690F74DE2ADA}.AppStore|x86.Deploy.0 = Release|x86
		{D007E007-9F29-446E-98D9-690F74DE2ADA}.Debug|Any CPU.ActiveCfg = Debug|Any CPU
		{D007E007-9F29-446E-98D9-690F74DE2ADA}.Debug|Any CPU.Build.0 = Debug|Any CPU
		{D007E007-9F29-446E-98D9-690F74DE2ADA}.Debug|Any CPU.Deploy.0 = Debug|Any CPU
		{D007E007-9F29-446E-98D9-690F74DE2ADA}.Debug|ARM.ActiveCfg = Debug|ARM
		{D007E007-9F29-446E-98D9-690F74DE2ADA}.Debug|ARM.Build.0 = Debug|ARM
		{D007E007-9F29-446E-98D9-690F74DE2ADA}.Debug|ARM.Deploy.0 = Debug|ARM
		{D007E007-9F29-446E-98D9-690F74DE2ADA}.Debug|iPhone.ActiveCfg = Debug|Any CPU
		{D007E007-9F29-446E-98D9-690F74DE2ADA}.Debug|iPhone.Build.0 = Debug|Any CPU
		{D007E007-9F29-446E-98D9-690F74DE2ADA}.Debug|iPhone.Deploy.0 = Debug|Any CPU
		{D007E007-9F29-446E-98D9-690F74DE2ADA}.Debug|iPhoneSimulator.ActiveCfg = Debug|Any CPU
		{D007E007-9F29-446E-98D9-690F74DE2ADA}.Debug|iPhoneSimulator.Build.0 = Debug|Any CPU
		{D007E007-9F29-446E-98D9-690F74DE2ADA}.Debug|iPhoneSimulator.Deploy.0 = Debug|Any CPU
		{D007E007-9F29-446E-98D9-690F74DE2ADA}.Debug|x64.ActiveCfg = Debug|x64
		{D007E007-9F29-446E-98D9-690F74DE2ADA}.Debug|x64.Build.0 = Debug|x64
		{D007E007-9F29-446E-98D9-690F74DE2ADA}.Debug|x64.Deploy.0 = Debug|x64
		{D007E007-9F29-446E-98D9-690F74DE2ADA}.Debug|x86.ActiveCfg = Debug|x86
		{D007E007-9F29-446E-98D9-690F74DE2ADA}.Debug|x86.Build.0 = Debug|x86
		{D007E007-9F29-446E-98D9-690F74DE2ADA}.Debug|x86.Deploy.0 = Debug|x86
		{D007E007-9F29-446E-98D9-690F74DE2ADA}.Release|Any CPU.ActiveCfg = Release|Any CPU
		{D007E007-9F29-446E-98D9-690F74DE2ADA}.Release|Any CPU.Build.0 = Release|Any CPU
		{D007E007-9F29-446E-98D9-690F74DE2ADA}.Release|Any CPU.Deploy.0 = Release|Any CPU
		{D007E007-9F29-446E-98D9-690F74DE2ADA}.Release|ARM.ActiveCfg = Release|ARM
		{D007E007-9F29-446E-98D9-690F74DE2ADA}.Release|ARM.Build.0 = Release|ARM
		{D007E007-9F29-446E-98D9-690F74DE2ADA}.Release|ARM.Deploy.0 = Release|ARM
		{D007E007-9F29-446E-98D9-690F74DE2ADA}.Release|iPhone.ActiveCfg = Release|Any CPU
		{D007E007-9F29-446E-98D9-690F74DE2ADA}.Release|iPhone.Build.0 = Release|Any CPU
		{D007E007-9F29-446E-98D9-690F74DE2ADA}.Release|iPhone.Deploy.0 = Release|Any CPU
		{D007E007-9F29-446E-98D9-690F74DE2ADA}.Release|iPhoneSimulator.ActiveCfg = Release|Any CPU
		{D007E007-9F29-446E-98D9-690F74DE2ADA}.Release|iPhoneSimulator.Build.0 = Release|Any CPU
		{D007E007-9F29-446E-98D9-690F74DE2ADA}.Release|iPhoneSimulator.Deploy.0 = Release|Any CPU
		{D007E007-9F29-446E-98D9-690F74DE2ADA}.Release|x64.ActiveCfg = Release|x64
		{D007E007-9F29-446E-98D9-690F74DE2ADA}.Release|x64.Build.0 = Release|x64
		{D007E007-9F29-446E-98D9-690F74DE2ADA}.Release|x64.Deploy.0 = Release|x64
		{D007E007-9F29-446E-98D9-690F74DE2ADA}.Release|x86.ActiveCfg = Release|x86
		{D007E007-9F29-446E-98D9-690F74DE2ADA}.Release|x86.Build.0 = Release|x86
		{D007E007-9F29-446E-98D9-690F74DE2ADA}.Release|x86.Deploy.0 = Release|x86
		{0154CFBB-934A-47B4-8A4A-73B0B33E2B2B}.Ad-Hoc|Any CPU.ActiveCfg = Release|Any CPU
		{0154CFBB-934A-47B4-8A4A-73B0B33E2B2B}.Ad-Hoc|Any CPU.Build.0 = Release|Any CPU
		{0154CFBB-934A-47B4-8A4A-73B0B33E2B2B}.Ad-Hoc|ARM.ActiveCfg = Release|Any CPU
		{0154CFBB-934A-47B4-8A4A-73B0B33E2B2B}.Ad-Hoc|ARM.Build.0 = Release|Any CPU
		{0154CFBB-934A-47B4-8A4A-73B0B33E2B2B}.Ad-Hoc|iPhone.ActiveCfg = Release|Any CPU
		{0154CFBB-934A-47B4-8A4A-73B0B33E2B2B}.Ad-Hoc|iPhone.Build.0 = Release|Any CPU
		{0154CFBB-934A-47B4-8A4A-73B0B33E2B2B}.Ad-Hoc|iPhoneSimulator.ActiveCfg = Release|Any CPU
		{0154CFBB-934A-47B4-8A4A-73B0B33E2B2B}.Ad-Hoc|iPhoneSimulator.Build.0 = Release|Any CPU
		{0154CFBB-934A-47B4-8A4A-73B0B33E2B2B}.Ad-Hoc|x64.ActiveCfg = Release|Any CPU
		{0154CFBB-934A-47B4-8A4A-73B0B33E2B2B}.Ad-Hoc|x64.Build.0 = Release|Any CPU
		{0154CFBB-934A-47B4-8A4A-73B0B33E2B2B}.Ad-Hoc|x86.ActiveCfg = Release|Any CPU
		{0154CFBB-934A-47B4-8A4A-73B0B33E2B2B}.Ad-Hoc|x86.Build.0 = Release|Any CPU
		{0154CFBB-934A-47B4-8A4A-73B0B33E2B2B}.AppStore|Any CPU.ActiveCfg = Release|Any CPU
		{0154CFBB-934A-47B4-8A4A-73B0B33E2B2B}.AppStore|Any CPU.Build.0 = Release|Any CPU
		{0154CFBB-934A-47B4-8A4A-73B0B33E2B2B}.AppStore|ARM.ActiveCfg = Release|Any CPU
		{0154CFBB-934A-47B4-8A4A-73B0B33E2B2B}.AppStore|ARM.Build.0 = Release|Any CPU
		{0154CFBB-934A-47B4-8A4A-73B0B33E2B2B}.AppStore|iPhone.ActiveCfg = Release|Any CPU
		{0154CFBB-934A-47B4-8A4A-73B0B33E2B2B}.AppStore|iPhone.Build.0 = Release|Any CPU
		{0154CFBB-934A-47B4-8A4A-73B0B33E2B2B}.AppStore|iPhoneSimulator.ActiveCfg = Release|Any CPU
		{0154CFBB-934A-47B4-8A4A-73B0B33E2B2B}.AppStore|iPhoneSimulator.Build.0 = Release|Any CPU
		{0154CFBB-934A-47B4-8A4A-73B0B33E2B2B}.AppStore|x64.ActiveCfg = Release|Any CPU
		{0154CFBB-934A-47B4-8A4A-73B0B33E2B2B}.AppStore|x64.Build.0 = Release|Any CPU
		{0154CFBB-934A-47B4-8A4A-73B0B33E2B2B}.AppStore|x86.ActiveCfg = Release|Any CPU
		{0154CFBB-934A-47B4-8A4A-73B0B33E2B2B}.AppStore|x86.Build.0 = Release|Any CPU
		{0154CFBB-934A-47B4-8A4A-73B0B33E2B2B}.Debug|Any CPU.ActiveCfg = Debug|Any CPU
		{0154CFBB-934A-47B4-8A4A-73B0B33E2B2B}.Debug|Any CPU.Build.0 = Debug|Any CPU
		{0154CFBB-934A-47B4-8A4A-73B0B33E2B2B}.Debug|ARM.ActiveCfg = Debug|Any CPU
		{0154CFBB-934A-47B4-8A4A-73B0B33E2B2B}.Debug|ARM.Build.0 = Debug|Any CPU
		{0154CFBB-934A-47B4-8A4A-73B0B33E2B2B}.Debug|iPhone.ActiveCfg = Debug|Any CPU
		{0154CFBB-934A-47B4-8A4A-73B0B33E2B2B}.Debug|iPhone.Build.0 = Debug|Any CPU
		{0154CFBB-934A-47B4-8A4A-73B0B33E2B2B}.Debug|iPhoneSimulator.ActiveCfg = Debug|Any CPU
		{0154CFBB-934A-47B4-8A4A-73B0B33E2B2B}.Debug|iPhoneSimulator.Build.0 = Debug|Any CPU
		{0154CFBB-934A-47B4-8A4A-73B0B33E2B2B}.Debug|x64.ActiveCfg = Debug|Any CPU
		{0154CFBB-934A-47B4-8A4A-73B0B33E2B2B}.Debug|x64.Build.0 = Debug|Any CPU
		{0154CFBB-934A-47B4-8A4A-73B0B33E2B2B}.Debug|x86.ActiveCfg = Debug|Any CPU
		{0154CFBB-934A-47B4-8A4A-73B0B33E2B2B}.Debug|x86.Build.0 = Debug|Any CPU
		{0154CFBB-934A-47B4-8A4A-73B0B33E2B2B}.Release|Any CPU.ActiveCfg = Release|Any CPU
		{0154CFBB-934A-47B4-8A4A-73B0B33E2B2B}.Release|Any CPU.Build.0 = Release|Any CPU
		{0154CFBB-934A-47B4-8A4A-73B0B33E2B2B}.Release|ARM.ActiveCfg = Release|Any CPU
		{0154CFBB-934A-47B4-8A4A-73B0B33E2B2B}.Release|ARM.Build.0 = Release|Any CPU
		{0154CFBB-934A-47B4-8A4A-73B0B33E2B2B}.Release|iPhone.ActiveCfg = Release|Any CPU
		{0154CFBB-934A-47B4-8A4A-73B0B33E2B2B}.Release|iPhone.Build.0 = Release|Any CPU
		{0154CFBB-934A-47B4-8A4A-73B0B33E2B2B}.Release|iPhoneSimulator.ActiveCfg = Release|Any CPU
		{0154CFBB-934A-47B4-8A4A-73B0B33E2B2B}.Release|iPhoneSimulator.Build.0 = Release|Any CPU
		{0154CFBB-934A-47B4-8A4A-73B0B33E2B2B}.Release|x64.ActiveCfg = Release|Any CPU
		{0154CFBB-934A-47B4-8A4A-73B0B33E2B2B}.Release|x64.Build.0 = Release|Any CPU
		{0154CFBB-934A-47B4-8A4A-73B0B33E2B2B}.Release|x86.ActiveCfg = Release|Any CPU
		{0154CFBB-934A-47B4-8A4A-73B0B33E2B2B}.Release|x86.Build.0 = Release|Any CPU
	EndGlobalSection
	GlobalSection(SolutionProperties) = preSolution
		HideSolutionNode = FALSE
	EndGlobalSection
EndGlobal
